
Microsoft Visual Studio Solution File, Format Version 12.00
# Visual Studio Version 17
VisualStudioVersion = 17.0.31903.59
MinimumVisualStudioVersion = 10.0.40219.1
Project("{2150E333-8FDC-42A3-9474-1A3956D46DE8}") = "src", "src", "{23CB059C-02EC-449E-AB1E-62DF238A4B67}"
EndProject
Project("{F2A71F9B-5D33-465A-A702-920D77279786}") = "UnMango.Docker.DotNet.FSharp", "src\Docker.DotNet.FSharp\UnMango.Docker.DotNet.FSharp.fsproj", "{02DBB452-3F1D-4E70-9A42-6F863BE0046D}"
EndProject
Project("{F2A71F9B-5D33-465A-A702-920D77279786}") = "UnMango.Docker.DotNet.FSharp.Tests", "src\Docker.DotNet.FSharp.Tests\UnMango.Docker.DotNet.FSharp.Tests.fsproj", "{10563B35-156A-43C3-BF4E-C32551DAD3B9}"
EndProject
Project("{2150E333-8FDC-42A3-9474-1A3956D46DE8}") = "docs", "docs", "{E89918BE-0BFF-4EF2-B735-ADC972D1D9B7}"
	ProjectSection(SolutionItems) = preProject
		README.md = README.md
		LICENSE = LICENSE
		.editorconfig = .editorconfig
		.git-blame-ignore-revs = .git-blame-ignore-revs
		.gitignore = .gitignore
	EndProjectSection
EndProject
Project("{2150E333-8FDC-42A3-9474-1A3956D46DE8}") = "build", "build", "{ED8921DA-59E7-4CC5-9AAF-CB5AF32A5B28}"
	ProjectSection(SolutionItems) = preProject
		Directory.Build.props = Directory.Build.props
		global.json = global.json
		Makefile = Makefile
		.config\dotnet-tools.json = .config\dotnet-tools.json
		.devcontainer\devcontainer.json = .devcontainer\devcontainer.json
	EndProjectSection
EndProject
Project("{2150E333-8FDC-42A3-9474-1A3956D46DE8}") = "github", "github", "{A2E9A48B-A1F8-4544-9FC3-DA867B33A70D}"
	ProjectSection(SolutionItems) = preProject
		.github\renovate.json = .github\renovate.json
	EndProjectSection
EndProject
Project("{2150E333-8FDC-42A3-9474-1A3956D46DE8}") = "workflows", "workflows", "{7B092E9A-5A52-4A22-8301-CA328C2BC537}"
	ProjectSection(SolutionItems) = preProject
		.github\workflows\main.yml = .github\workflows\main.yml
	EndProjectSection
EndProject
Global
	GlobalSection(SolutionConfigurationPlatforms) = preSolution
		Debug|Any CPU = Debug|Any CPU
		Release|Any CPU = Release|Any CPU
	EndGlobalSection
	GlobalSection(SolutionProperties) = preSolution
		HideSolutionNode = FALSE
	EndGlobalSection
	GlobalSection(ProjectConfigurationPlatforms) = postSolution
		{02DBB452-3F1D-4E70-9A42-6F863BE0046D}.Debug|Any CPU.ActiveCfg = Debug|Any CPU
		{02DBB452-3F1D-4E70-9A42-6F863BE0046D}.Debug|Any CPU.Build.0 = Debug|Any CPU
		{02DBB452-3F1D-4E70-9A42-6F863BE0046D}.Release|Any CPU.ActiveCfg = Release|Any CPU
		{02DBB452-3F1D-4E70-9A42-6F863BE0046D}.Release|Any CPU.Build.0 = Release|Any CPU
		{10563B35-156A-43C3-BF4E-C32551DAD3B9}.Debug|Any CPU.ActiveCfg = Debug|Any CPU
		{10563B35-156A-43C3-BF4E-C32551DAD3B9}.Debug|Any CPU.Build.0 = Debug|Any CPU
		{10563B35-156A-43C3-BF4E-C32551DAD3B9}.Release|Any CPU.ActiveCfg = Release|Any CPU
		{10563B35-156A-43C3-BF4E-C32551DAD3B9}.Release|Any CPU.Build.0 = Release|Any CPU
	EndGlobalSection
	GlobalSection(NestedProjects) = preSolution
		{02DBB452-3F1D-4E70-9A42-6F863BE0046D} = {23CB059C-02EC-449E-AB1E-62DF238A4B67}
		{10563B35-156A-43C3-BF4E-C32551DAD3B9} = {23CB059C-02EC-449E-AB1E-62DF238A4B67}
		{7B092E9A-5A52-4A22-8301-CA328C2BC537} = {A2E9A48B-A1F8-4544-9FC3-DA867B33A70D}
	EndGlobalSection
EndGlobal
